
Microsoft Visual Studio Solution File, Format Version 12.00
# Visual Studio 15
VisualStudioVersion = 15.0.27703.2035
MinimumVisualStudioVersion = 10.0.40219.1
Project("{FAE04EC0-301F-11D3-BF4B-00C04F79EFBC}") = "LemonadeStand", "LemonadeStand\LemonadeStand.csproj", "{FF722BFB-7A61-46A3-8995-B482AEF57116}"
EndProject
Global
	GlobalSection(SolutionConfigurationPlatforms) = preSolution
		Debug|Any CPU = Debug|Any CPU
		Release|Any CPU = Release|Any CPU
	EndGlobalSection
	GlobalSection(ProjectConfigurationPlatforms) = postSolution
		{FF722BFB-7A61-46A3-8995-B482AEF57116}.Debug|Any CPU.ActiveCfg = Debug|Any CPU
		{FF722BFB-7A61-46A3-8995-B482AEF57116}.Debug|Any CPU.Build.0 = Debug|Any CPU
		{FF722BFB-7A61-46A3-8995-B482AEF57116}.Release|Any CPU.ActiveCfg = Release|Any CPU
		{FF722BFB-7A61-46A3-8995-B482AEF57116}.Release|Any CPU.Build.0 = Release|Any CPU
	EndGlobalSection
	GlobalSection(SolutionProperties) = preSolution
		HideSolutionNode = FALSE
	EndGlobalSection
	GlobalSection(ExtensibilityGlobals) = postSolution
		SolutionGuid = {B15BCE8E-8261-4E1E-8700-5C87777C3993}
	EndGlobalSection
EndGlobal
